// !$*UTF8*$!
{
	archiveVersion = 1;
	classes = {
	};
	objectVersion = 77;
	objects = {

/* Begin PBXBuildFile section */
		DFAA38862F4DB25800627EE6 /* Highlightr in Frameworks */ = {isa = PBXBuildFile; productRef = DFAA38852F4DB25800627EE6 /* Highlightr */; };
		DFAA38962F4E401100627EE6 /* Highlighter in Frameworks */ = {isa = PBXBuildFile; productRef = DFAA38952F4E401100627EE6 /* Highlighter */; };
/* End PBXBuildFile section */

/* Begin PBXContainerItemProxy section */
		DFE7FF542F4902C30086BCA7 /* PBXContainerItemProxy */ = {
			isa = PBXContainerItemProxy;
			containerPortal = DFE7FF3E2F4902C10086BCA7 /* Project object */;
			proxyType = 1;
			remoteGlobalIDString = DFE7FF452F4902C10086BCA7;
			remoteInfo = Snippet;
		};
		DFE7FF5E2F4902C30086BCA7 /* PBXContainerItemProxy */ = {
			isa = PBXContainerItemProxy;
			containerPortal = DFE7FF3E2F4902C10086BCA7 /* Project object */;
			proxyType = 1;
			remoteGlobalIDString = DFE7FF452F4902C10086BCA7;
			remoteInfo = Snippet;
		};
/* End PBXContainerItemProxy section */

/* Begin PBXFileReference section */
		DFE7FF462F4902C10086BCA7 /* Snippet.app */ = {isa = PBXFileReference; explicitFileType = wrapper.application; includeInIndex = 0; path = Snippet.app; sourceTree = BUILT_PRODUCTS_DIR; };
		DFE7FF532F4902C30086BCA7 /* SnippetTests.xctest */ = {isa = PBXFileReference; explicitFileType = wrapper.cfbundle; includeInIndex = 0; path = SnippetTests.xctest; sourceTree = BUILT_PRODUCTS_DIR; };
		DFE7FF5D2F4902C30086BCA7 /* SnippetUITests.xctest */ = {isa = PBXFileReference; explicitFileType = wrapper.cfbundle; includeInIndex = 0; path = SnippetUITests.xctest; sourceTree = BUILT_PRODUCTS_DIR; };
/* End PBXFileReference section */

/* Begin PBXFileSystemSynchronizedRootGroup section */
		DFE7FF482F4902C10086BCA7 /* Snippet */ = {
			isa = PBXFileSystemSynchronizedRootGroup;
			path = Snippet;
			sourceTree = "<group>";
		};
/* End PBXFileSystemSynchronizedRootGroup section */

/* Begin PBXFrameworksBuildPhase section */
		DFE7FF432F4902C10086BCA7 /* Frameworks */ = {
			isa = PBXFrameworksBuildPhase;
			buildActionMask = 2147483647;
			files = (
				DFAA38962F4E401100627EE6 /* Highlighter in Frameworks */,
				DFAA38862F4DB25800627EE6 /* Highlightr in Frameworks */,
			);
			runOnlyForDeploymentPostprocessing = 0;
		};
		DFE7FF502F4902C30086BCA7 /* Frameworks */ = {
			isa = PBXFrameworksBuildPhase;
			buildActionMask = 2147483647;
			files = (
			);
			runOnlyForDeploymentPostprocessing = 0;
		};
		DFE7FF5A2F4902C30086BCA7 /* Frameworks */ = {
			isa = PBXFrameworksBuildPhase;
			buildActionMask = 2147483647;
			files = (
			);
			runOnlyForDeploymentPostprocessing = 0;
		};
/* End PBXFrameworksBuildPhase section */

/* Begin PBXGroup section */
		DFE7FF3D2F4902C10086BCA7 = {
			isa = PBXGroup;
			children = (
				DFE7FF482F4902C10086BCA7 /* Snippet */,
				DFE7FF472F4902C10086BCA7 /* Products */,
			);
			sourceTree = "<group>";
		};
		DFE7FF472F4902C10086BCA7 /* Products */ = {
			isa = PBXGroup;
			children = (
				DFE7FF462F4902C10086BCA7 /* Snippet.app */,
				DFE7FF532F4902C30086BCA7 /* SnippetTests.xctest */,
				DFE7FF5D2F4902C30086BCA7 /* SnippetUITests.xctest */,
			);
			name = Products;
			sourceTree = "<group>";
		};
/* End PBXGroup section */

/* Begin PBXNativeTarget section */
		DFE7FF452F4902C10086BCA7 /* Snippet */ = {
			isa = PBXNativeTarget;
			buildConfigurationList = DFE7FF672F4902C30086BCA7 /* Build configuration list for PBXNativeTarget "Snippet" */;
			buildPhases = (
				DFE7FF422F4902C10086BCA7 /* Sources */,
				DFE7FF432F4902C10086BCA7 /* Frameworks */,
				DFE7FF442F4902C10086BCA7 /* Resources */,
			);
			buildRules = (
			);
			dependencies = (
			);
			fileSystemSynchronizedGroups = (
				DFE7FF482F4902C10086BCA7 /* Snippet */,
			);
			name = Snippet;
			packageProductDependencies = (
				DFAA38852F4DB25800627EE6 /* Highlightr */,
				DFAA38952F4E401100627EE6 /* Highlighter */,
			);
			productName = Snippet;
			productReference = DFE7FF462F4902C10086BCA7 /* Snippet.app */;
			productType = "com.apple.product-type.application";
		};
		DFE7FF522F4902C30086BCA7 /* SnippetTests */ = {
			isa = PBXNativeTarget;
			buildConfigurationList = DFE7FF6A2F4902C30086BCA7 /* Build configuration list for PBXNativeTarget "SnippetTests" */;
			buildPhases = (
				DFE7FF4F2F4902C30086BCA7 /* Sources */,
				DFE7FF502F4902C30086BCA7 /* Frameworks */,
				DFE7FF512F4902C30086BCA7 /* Resources */,
			);
			buildRules = (
			);
			dependencies = (
				DFE7FF552F4902C30086BCA7 /* PBXTargetDependency */,
			);
			name = SnippetTests;
			packageProductDependencies = (
			);
			productName = SnippetTests;
			productReference = DFE7FF532F4902C30086BCA7 /* SnippetTests.xctest */;
			productType = "com.apple.product-type.bundle.unit-test";
		};
		DFE7FF5C2F4902C30086BCA7 /* SnippetUITests */ = {
			isa = PBXNativeTarget;
			buildConfigurationList = DFE7FF6D2F4902C30086BCA7 /* Build configuration list for PBXNativeTarget "SnippetUITests" */;
			buildPhases = (
				DFE7FF592F4902C30086BCA7 /* Sources */,
				DFE7FF5A2F4902C30086BCA7 /* Frameworks */,
				DFE7FF5B2F4902C30086BCA7 /* Resources */,
			);
			buildRules = (
			);
			dependencies = (
				DFE7FF5F2F4902C30086BCA7 /* PBXTargetDependency */,
			);
			name = SnippetUITests;
			packageProductDependencies = (
			);
			productName = SnippetUITests;
			productReference = DFE7FF5D2F4902C30086BCA7 /* SnippetUITests.xctest */;
			productType = "com.apple.product-type.bundle.ui-testing";
		};
/* End PBXNativeTarget section */

/* Begin PBXProject section */
		DFE7FF3E2F4902C10086BCA7 /* Project object */ = {
			isa = PBXProject;
			attributes = {
				BuildIndependentTargetsInParallel = 1;
				LastSwiftUpdateCheck = 2620;
				LastUpgradeCheck = 2620;
				TargetAttributes = {
					DFE7FF452F4902C10086BCA7 = {
						CreatedOnToolsVersion = 26.2;
					};
					DFE7FF522F4902C30086BCA7 = {
						CreatedOnToolsVersion = 26.2;
						TestTargetID = DFE7FF452F4902C10086BCA7;
					};
					DFE7FF5C2F4902C30086BCA7 = {
						CreatedOnToolsVersion = 26.2;
						TestTargetID = DFE7FF452F4902C10086BCA7;
					};
				};
			};
			buildConfigurationList = DFE7FF412F4902C10086BCA7 /* Build configuration list for PBXProject "Snippet" */;
			developmentRegion = en;
			hasScannedForEncodings = 0;
			knownRegions = (
				en,
				Base,
			);
			mainGroup = DFE7FF3D2F4902C10086BCA7;
			minimizedProjectReferenceProxies = 1;
			packageReferences = (
				DFAA38842F4DB25700627EE6 /* XCRemoteSwiftPackageReference "Highlightr" */,
				DFAA38942F4E401100627EE6 /* XCRemoteSwiftPackageReference "HighlighterSwift" */,
				DFAA38A52F50A2E300627EE6 /* XCRemoteSwiftPackageReference "SwiftLintPlugins" */,
			);
			preferredProjectObjectVersion = 77;
			productRefGroup = DFE7FF472F4902C10086BCA7 /* Products */;
			projectDirPath = "";
			projectRoot = "";
			targets = (
				DFE7FF452F4902C10086BCA7 /* Snippet */,
				DFE7FF522F4902C30086BCA7 /* SnippetTests */,
				DFE7FF5C2F4902C30086BCA7 /* SnippetUITests */,
			);
		};
/* End PBXProject section */

/* Begin PBXResourcesBuildPhase section */
		DFE7FF442F4902C10086BCA7 /* Resources */ = {
			isa = PBXResourcesBuildPhase;
			buildActionMask = 2147483647;
			files = (
			);
			runOnlyForDeploymentPostprocessing = 0;
		};
		DFE7FF512F4902C30086BCA7 /* Resources */ = {
			isa = PBXResourcesBuildPhase;
			buildActionMask = 2147483647;
			files = (
			);
			runOnlyForDeploymentPostprocessing = 0;
		};
		DFE7FF5B2F4902C30086BCA7 /* Resources */ = {
			isa = PBXResourcesBuildPhase;
			buildActionMask = 2147483647;
			files = (
			);
			runOnlyForDeploymentPostprocessing = 0;
		};
/* End PBXResourcesBuildPhase section */

/* Begin PBXSourcesBuildPhase section */
		DFE7FF422F4902C10086BCA7 /* Sources */ = {
			isa = PBXSourcesBuildPhase;
			buildActionMask = 2147483647;
			files = (
			);
			runOnlyForDeploymentPostprocessing = 0;
		};
		DFE7FF4F2F4902C30086BCA7 /* Sources */ = {
			isa = PBXSourcesBuildPhase;
			buildActionMask = 2147483647;
			files = (
			);
			runOnlyForDeploymentPostprocessing = 0;
		};
		DFE7FF592F4902C30086BCA7 /* Sources */ = {
			isa = PBXSourcesBuildPhase;
			buildActionMask = 2147483647;
			files = (
			);
			runOnlyForDeploymentPostprocessing = 0;
		};
/* End PBXSourcesBuildPhase section */

/* Begin PBXTargetDependency section */
		DFE7FF552F4902C30086BCA7 /* PBXTargetDependency */ = {
			isa = PBXTargetDependency;
			target = DFE7FF452F4902C10086BCA7 /* Snippet */;
			targetProxy = DFE7FF542F4902C30086BCA7 /* PBXContainerItemProxy */;
		};
		DFE7FF5F2F4902C30086BCA7 /* PBXTargetDependency */ = {
			isa = PBXTargetDependency;
			target = DFE7FF452F4902C10086BCA7 /* Snippet */;
			targetProxy = DFE7FF5E2F4902C30086BCA7 /* PBXContainerItemProxy */;
		};
/* End PBXTargetDependency section */

/* Begin XCBuildConfiguration section */
		DFE7FF652F4902C30086BCA7 /* Debug */ = {
			isa = XCBuildConfiguration;
			buildSettings = {
				ALWAYS_SEARCH_USER_PATHS = NO;
				ASSETCATALOG_COMPILER_GENERATE_SWIFT_ASSET_SYMBOL_EXTENSIONS = YES;
				CLANG_ANALYZER_NONNULL = YES;
				CLANG_ANALYZER_NUMBER_OBJECT_CONVERSION = YES_AGGRESSIVE;
				CLANG_CXX_LANGUAGE_STANDARD = "gnu++20";
				CLANG_ENABLE_MODULES = YES;
				CLANG_ENABLE_OBJC_ARC = YES;
				CLANG_ENABLE_OBJC_WEAK = YES;
				CLANG_WARN_BLOCK_CAPTURE_AUTORELEASING = YES;
				CLANG_WARN_BOOL_CONVERSION = YES;
				CLANG_WARN_COMMA = YES;
				CLANG_WARN_CONSTANT_CONVERSION = YES;
				CLANG_WARN_DEPRECATED_OBJC_IMPLEMENTATIONS = YES;
				CLANG_WARN_DIRECT_OBJC_ISA_USAGE = YES_ERROR;
				CLANG_WARN_DOCUMENTATION_COMMENTS = YES;
				CLANG_WARN_EMPTY_BODY = YES;
				CLANG_WARN_ENUM_CONVERSION = YES;
				CLANG_WARN_INFINITE_RECURSION = YES;
				CLANG_WARN_INT_CONVERSION = YES;
				CLANG_WARN_NON_LITERAL_NULL_CONVERSION = YES;
				CLANG_WARN_OBJC_IMPLICIT_RETAIN_SELF = YES;
				CLANG_WARN_OBJC_LITERAL_CONVERSION = YES;
				CLANG_WARN_OBJC_ROOT_CLASS = YES_ERROR;
				CLANG_WARN_QUOTED_INCLUDE_IN_FRAMEWORK_HEADER = YES;
				CLANG_WARN_RANGE_LOOP_ANALYSIS = YES;
				CLANG_WARN_STRICT_PROTOTYPES = YES;
				CLANG_WARN_SUSPICIOUS_MOVE = YES;
				CLANG_WARN_UNGUARDED_AVAILABILITY = YES_AGGRESSIVE;
				CLANG_WARN_UNREACHABLE_CODE = YES;
				CLANG_WARN__DUPLICATE_METHOD_MATCH = YES;
				COPY_PHASE_STRIP = NO;
				DEBUG_INFORMATION_FORMAT = dwarf;
				DEVELOPMENT_TEAM = N4CX69N4LB;
				ENABLE_STRICT_OBJC_MSGSEND = YES;
				ENABLE_TESTABILITY = YES;
				ENABLE_USER_SCRIPT_SANDBOXING = YES;
				GCC_C_LANGUAGE_STANDARD = gnu17;
				GCC_DYNAMIC_NO_PIC = NO;
				GCC_NO_COMMON_BLOCKS = YES;
				GCC_OPTIMIZATION_LEVEL = 0;
				GCC_PREPROCESSOR_DEFINITIONS = (
					"DEBUG=1",
					"$(inherited)",
				);
				GCC_WARN_64_TO_32_BIT_CONVERSION = YES;
				GCC_WARN_ABOUT_RETURN_TYPE = YES_ERROR;
				GCC_WARN_UNDECLARED_SELECTOR = YES;
				GCC_WARN_UNINITIALIZED_AUTOS = YES_AGGRESSIVE;
				GCC_WARN_UNUSED_FUNCTION = YES;
				GCC_WARN_UNUSED_VARIABLE = YES;
				LOCALIZATION_PREFERS_STRING_CATALOGS = YES;
				MACOSX_DEPLOYMENT_TARGET = 26.2;
				MTL_ENABLE_DEBUG_INFO = INCLUDE_SOURCE;
				MTL_FAST_MATH = YES;
				ONLY_ACTIVE_ARCH = YES;
				SDKROOT = macosx;
				SWIFT_ACTIVE_COMPILATION_CONDITIONS = "DEBUG $(inherited)";
				SWIFT_OPTIMIZATION_LEVEL = "-Onone";
			};
			name = Debug;
		};
		DFE7FF662F4902C30086BCA7 /* Release */ = {
			isa = XCBuildConfiguration;
			buildSettings = {
				ALWAYS_SEARCH_USER_PATHS = NO;
				ASSETCATALOG_COMPILER_GENERATE_SWIFT_ASSET_SYMBOL_EXTENSIONS = YES;
				CLANG_ANALYZER_NONNULL = YES;
				CLANG_ANALYZER_NUMBER_OBJECT_CONVERSION = YES_AGGRESSIVE;
				CLANG_CXX_LANGUAGE_STANDARD = "gnu++20";
				CLANG_ENABLE_MODULES = YES;
				CLANG_ENABLE_OBJC_ARC = YES;
				CLANG_ENABLE_OBJC_WEAK = YES;
				CLANG_WARN_BLOCK_CAPTURE_AUTORELEASING = YES;
				CLANG_WARN_BOOL_CONVERSION = YES;
				CLANG_WARN_COMMA = YES;
				CLANG_WARN_CONSTANT_CONVERSION = YES;
				CLANG_WARN_DEPRECATED_OBJC_IMPLEMENTATIONS = YES;
				CLANG_WARN_DIRECT_OBJC_ISA_USAGE = YES_ERROR;
				CLANG_WARN_DOCUMENTATION_COMMENTS = YES;
				CLANG_WARN_EMPTY_BODY = YES;
				CLANG_WARN_ENUM_CONVERSION = YES;
				CLANG_WARN_INFINITE_RECURSION = YES;
				CLANG_WARN_INT_CONVERSION = YES;
				CLANG_WARN_NON_LITERAL_NULL_CONVERSION = YES;
				CLANG_WARN_OBJC_IMPLICIT_RETAIN_SELF = YES;
				CLANG_WARN_OBJC_LITERAL_CONVERSION = YES;
				CLANG_WARN_OBJC_ROOT_CLASS = YES_ERROR;
				CLANG_WARN_QUOTED_INCLUDE_IN_FRAMEWORK_HEADER = YES;
				CLANG_WARN_RANGE_LOOP_ANALYSIS = YES;
				CLANG_WARN_STRICT_PROTOTYPES = YES;
				CLANG_WARN_SUSPICIOUS_MOVE = YES;
				CLANG_WARN_UNGUARDED_AVAILABILITY = YES_AGGRESSIVE;
				CLANG_WARN_UNREACHABLE_CODE = YES;
				CLANG_WARN__DUPLICATE_METHOD_MATCH = YES;
				COPY_PHASE_STRIP = NO;
				DEBUG_INFORMATION_FORMAT = "dwarf-with-dsym";
				DEVELOPMENT_TEAM = N4CX69N4LB;
				ENABLE_NS_ASSERTIONS = NO;
				ENABLE_STRICT_OBJC_MSGSEND = YES;
				ENABLE_USER_SCRIPT_SANDBOXING = YES;
				GCC_C_LANGUAGE_STANDARD = gnu17;
				GCC_NO_COMMON_BLOCKS = YES;
				GCC_WARN_64_TO_32_BIT_CONVERSION = YES;
				GCC_WARN_ABOUT_RETURN_TYPE = YES_ERROR;
				GCC_WARN_UNDECLARED_SELECTOR = YES;
				GCC_WARN_UNINITIALIZED_AUTOS = YES_AGGRESSIVE;
				GCC_WARN_UNUSED_FUNCTION = YES;
				GCC_WARN_UNUSED_VARIABLE = YES;
				LOCALIZATION_PREFERS_STRING_CATALOGS = YES;
				MACOSX_DEPLOYMENT_TARGET = 26.2;
				MTL_ENABLE_DEBUG_INFO = NO;
				MTL_FAST_MATH = YES;
				SDKROOT = macosx;
				SWIFT_COMPILATION_MODE = wholemodule;
			};
			name = Release;
		};
		DFE7FF682F4902C30086BCA7 /* Debug */ = {
			isa = XCBuildConfiguration;
			buildSettings = {
				ASSETCATALOG_COMPILER_APPICON_NAME = AppIcon;
				ASSETCATALOG_COMPILER_GLOBAL_ACCENT_COLOR_NAME = AccentColor;
				CODE_SIGN_STYLE = Automatic;
				COMBINE_HIDPI_IMAGES = YES;
				CURRENT_PROJECT_VERSION = 1;
				DEVELOPMENT_TEAM = N4CX69N4LB;
				ENABLE_APP_SANDBOX = YES;
				ENABLE_HARDENED_RUNTIME = YES;
				ENABLE_PREVIEWS = YES;
				ENABLE_USER_SELECTED_FILES = readonly;
				GENERATE_INFOPLIST_FILE = YES;
				INFOPLIST_KEY_LSUIElement = YES;
				INFOPLIST_KEY_NSHumanReadableCopyright = "";
				LD_RUNPATH_SEARCH_PATHS = (
					"$(inherited)",
					"@executable_path/../Frameworks",
				);
				MARKETING_VERSION = 1.0;
				PRODUCT_BUNDLE_IDENTIFIER = main.Snippet;
				PRODUCT_NAME = "$(TARGET_NAME)";
				REGISTER_APP_GROUPS = YES;
				STRING_CATALOG_GENERATE_SYMBOLS = YES;
				SWIFT_APPROACHABLE_CONCURRENCY = YES;
				SWIFT_DEFAULT_ACTOR_ISOLATION = MainActor;
				SWIFT_EMIT_LOC_STRINGS = YES;
				SWIFT_UPCOMING_FEATURE_MEMBER_IMPORT_VISIBILITY = YES;
				SWIFT_VERSION = 5.0;
			};
			name = Debug;
		};
		DFE7FF692F4902C30086BCA7 /* Release */ = {
			isa = XCBuildConfiguration;
			buildSettings = {
				ASSETCATALOG_COMPILER_APPICON_NAME = AppIcon;
				ASSETCATALOG_COMPILER_GLOBAL_ACCENT_COLOR_NAME = AccentColor;
				CODE_SIGN_STYLE = Automatic;
				COMBINE_HIDPI_IMAGES = YES;
				CURRENT_PROJECT_VERSION = 1;
				DEVELOPMENT_TEAM = N4CX69N4LB;
				ENABLE_APP_SANDBOX = YES;
				ENABLE_HARDENED_RUNTIME = YES;
				ENABLE_PREVIEWS = YES;
				ENABLE_USER_SELECTED_FILES = readonly;
				GENERATE_INFOPLIST_FILE = YES;
				INFOPLIST_KEY_LSUIElement = YES;
				INFOPLIST_KEY_NSHumanReadableCopyright = "";
				LD_RUNPATH_SEARCH_PATHS = (
					"$(inherited)",
					"@executable_path/../Frameworks",
				);
				MARKETING_VERSION = 1.0;
				PRODUCT_BUNDLE_IDENTIFIER = main.Snippet;
				PRODUCT_NAME = "$(TARGET_NAME)";
				REGISTER_APP_GROUPS = YES;
				STRING_CATALOG_GENERATE_SYMBOLS = YES;
				SWIFT_APPROACHABLE_CONCURRENCY = YES;
				SWIFT_DEFAULT_ACTOR_ISOLATION = MainActor;
				SWIFT_EMIT_LOC_STRINGS = YES;
				SWIFT_UPCOMING_FEATURE_MEMBER_IMPORT_VISIBILITY = YES;
				SWIFT_VERSION = 5.0;
			};
			name = Release;
		};
		DFE7FF6B2F4902C30086BCA7 /* Debug */ = {
			isa = XCBuildConfiguration;
			buildSettings = {
				BUNDLE_LOADER = "$(TEST_HOST)";
				CODE_SIGN_STYLE = Automatic;
				CURRENT_PROJECT_VERSION = 1;
				DEVELOPMENT_TEAM = N4CX69N4LB;
				GENERATE_INFOPLIST_FILE = YES;
				MACOSX_DEPLOYMENT_TARGET = 26.2;
				MARKETING_VERSION = 1.0;
				PRODUCT_BUNDLE_IDENTIFIER = main.SnippetTests;
				PRODUCT_NAME = "$(TARGET_NAME)";
				STRING_CATALOG_GENERATE_SYMBOLS = NO;
				SWIFT_APPROACHABLE_CONCURRENCY = YES;
				SWIFT_EMIT_LOC_STRINGS = NO;
				SWIFT_UPCOMING_FEATURE_MEMBER_IMPORT_VISIBILITY = YES;
				SWIFT_VERSION = 5.0;
				TEST_HOST = "$(BUILT_PRODUCTS_DIR)/Snippet.app/$(BUNDLE_EXECUTABLE_FOLDER_PATH)/Snippet";
			};
			name = Debug;
		};
		DFE7FF6C2F4902C30086BCA7 /* Release */ = {
			isa = XCBuildConfiguration;
			buildSettings = {
				BUNDLE_LOADER = "$(TEST_HOST)";
				CODE_SIGN_STYLE = Automatic;
				CURRENT_PROJECT_VERSION = 1;
				DEVELOPMENT_TEAM = N4CX69N4LB;
				GENERATE_INFOPLIST_FILE = YES;
				MACOSX_DEPLOYMENT_TARGET = 26.2;
				MARKETING_VERSION = 1.0;
				PRODUCT_BUNDLE_IDENTIFIER = main.SnippetTests;
				PRODUCT_NAME = "$(TARGET_NAME)";
				STRING_CATALOG_GENERATE_SYMBOLS = NO;
				SWIFT_APPROACHABLE_CONCURRENCY = YES;
				SWIFT_EMIT_LOC_STRINGS = NO;
				SWIFT_UPCOMING_FEATURE_MEMBER_IMPORT_VISIBILITY = YES;
				SWIFT_VERSION = 5.0;
				TEST_HOST = "$(BUILT_PRODUCTS_DIR)/Snippet.app/$(BUNDLE_EXECUTABLE_FOLDER_PATH)/Snippet";
			};
			name = Release;
		};
		DFE7FF6E2F4902C30086BCA7 /* Debug */ = {
			isa = XCBuildConfiguration;
			buildSettings = {
				CODE_SIGN_STYLE = Automatic;
				CURRENT_PROJECT_VERSION = 1;
				DEVELOPMENT_TEAM = N4CX69N4LB;
				GENERATE_INFOPLIST_FILE = YES;
				MARKETING_VERSION = 1.0;
				PRODUCT_BUNDLE_IDENTIFIER = main.SnippetUITests;
				PRODUCT_NAME = "$(TARGET_NAME)";
				STRING_CATALOG_GENERATE_SYMBOLS = NO;
				SWIFT_APPROACHABLE_CONCURRENCY = YES;
				SWIFT_EMIT_LOC_STRINGS = NO;
				SWIFT_UPCOMING_FEATURE_MEMBER_IMPORT_VISIBILITY = YES;
				SWIFT_VERSION = 5.0;
				TEST_TARGET_NAME = Snippet;
			};
			name = Debug;
		};
		DFE7FF6F2F4902C30086BCA7 /* Release */ = {
			isa = XCBuildConfiguration;
			buildSettings = {
				CODE_SIGN_STYLE = Automatic;
				CURRENT_PROJECT_VERSION = 1;
				DEVELOPMENT_TEAM = N4CX69N4LB;
				GENERATE_INFOPLIST_FILE = YES;
				MARKETING_VERSION = 1.0;
				PRODUCT_BUNDLE_IDENTIFIER = main.SnippetUITests;
				PRODUCT_NAME = "$(TARGET_NAME)";
				STRING_CATALOG_GENERATE_SYMBOLS = NO;
				SWIFT_APPROACHABLE_CONCURRENCY = YES;
				SWIFT_EMIT_LOC_STRINGS = NO;
				SWIFT_UPCOMING_FEATURE_MEMBER_IMPORT_VISIBILITY = YES;
				SWIFT_VERSION = 5.0;
				TEST_TARGET_NAME = Snippet;
			};
			name = Release;
		};
/* End XCBuildConfiguration section */

/* Begin XCConfigurationList section */
		DFE7FF412F4902C10086BCA7 /* Build configuration list for PBXProject "Snippet" */ = {
			isa = XCConfigurationList;
			buildConfigurations = (
				DFE7FF652F4902C30086BCA7 /* Debug */,
				DFE7FF662F4902C30086BCA7 /* Release */,
			);
			defaultConfigurationIsVisible = 0;
			defaultConfigurationName = Release;
		};
		DFE7FF672F4902C30086BCA7 /* Build configuration list for PBXNativeTarget "Snippet" */ = {
			isa = XCConfigurationList;
			buildConfigurations = (
				DFE7FF682F4902C30086BCA7 /* Debug */,
				DFE7FF692F4902C30086BCA7 /* Release */,
			);
			defaultConfigurationIsVisible = 0;
			defaultConfigurationName = Release;
		};
		DFE7FF6A2F4902C30086BCA7 /* Build configuration list for PBXNativeTarget "SnippetTests" */ = {
			isa = XCConfigurationList;
			buildConfigurations = (
				DFE7FF6B2F4902C30086BCA7 /* Debug */,
				DFE7FF6C2F4902C30086BCA7 /* Release */,
			);
			defaultConfigurationIsVisible = 0;
			defaultConfigurationName = Release;
		};
		DFE7FF6D2F4902C30086BCA7 /* Build configuration list for PBXNativeTarget "SnippetUITests" */ = {
			isa = XCConfigurationList;
			buildConfigurations = (
				DFE7FF6E2F4902C30086BCA7 /* Debug */,
				DFE7FF6F2F4902C30086BCA7 /* Release */,
			);
			defaultConfigurationIsVisible = 0;
			defaultConfigurationName = Release;
		};
/* End XCConfigurationList section */

/* Begin XCRemoteSwiftPackageReference section */
		DFAA38842F4DB25700627EE6 /* XCRemoteSwiftPackageReference "Highlightr" */ = {
			isa = XCRemoteSwiftPackageReference;
			repositoryURL = "https://github.com/raspu/Highlightr.git";
			requirement = {
				kind = upToNextMajorVersion;
				minimumVersion = 2.3.0;
			};
		};
		DFAA38942F4E401100627EE6 /* XCRemoteSwiftPackageReference "HighlighterSwift" */ = {
			isa = XCRemoteSwiftPackageReference;
			repositoryURL = "https://github.com/smittytone/HighlighterSwift.git";
			requirement = {
				kind = upToNextMajorVersion;
				minimumVersion = 3.0.0;
			};
		};
		DFAA38A52F50A2E300627EE6 /* XCRemoteSwiftPackageReference "SwiftLintPlugins" */ = {
			isa = XCRemoteSwiftPackageReference;
			repositoryURL = "https://github.com/SimplyDanny/SwiftLintPlugins";
			requirement = {
				kind = upToNextMajorVersion;
				minimumVersion = 0.63.2;
			};
		};
/* End XCRemoteSwiftPackageReference section */

/* Begin XCSwiftPackageProductDependency section */
		DFAA38852F4DB25800627EE6 /* Highlightr */ = {
			isa = XCSwiftPackageProductDependency;
			package = DFAA38842F4DB25700627EE6 /* XCRemoteSwiftPackageReference "Highlightr" */;
			productName = Highlightr;
		};
		DFAA38952F4E401100627EE6 /* Highlighter */ = {
			isa = XCSwiftPackageProductDependency;
			package = DFAA38942F4E401100627EE6 /* XCRemoteSwiftPackageReference "HighlighterSwift" */;
			productName = Highlighter;
		};
/* End XCSwiftPackageProductDependency section */
	};
	rootObject = DFE7FF3E2F4902C10086BCA7 /* Project object */;
}
